
Microsoft Visual Studio Solution File, Format Version 12.00
# Visual Studio Version 17
VisualStudioVersion = 17.11.35312.102
MinimumVisualStudioVersion = 10.0.40219.1
Project("{FAE04EC0-301F-11D3-BF4B-00C04F79EFBC}") = "Lesson8", "Lesson8\Lesson8.csproj", "{8F9E07F1-1B2F-4BED-ACB9-38BF6D8F5DC9}"
EndProject
Global
	GlobalSection(SolutionConfigurationPlatforms) = preSolution
		Debug|Any CPU = Debug|Any CPU
		Release|Any CPU = Release|Any CPU
	EndGlobalSection
	GlobalSection(ProjectConfigurationPlatforms) = postSolution
		{8F9E07F1-1B2F-4BED-ACB9-38BF6D8F5DC9}.Debug|Any CPU.ActiveCfg = Debug|Any CPU
		{8F9E07F1-1B2F-4BED-ACB9-38BF6D8F5DC9}.Debug|Any CPU.Build.0 = Debug|Any CPU
		{8F9E07F1-1B2F-4BED-ACB9-38BF6D8F5DC9}.Release|Any CPU.ActiveCfg = Release|Any CPU
		{8F9E07F1-1B2F-4BED-ACB9-38BF6D8F5DC9}.Release|Any CPU.Build.0 = Release|Any CPU
	EndGlobalSection
	GlobalSection(SolutionProperties) = preSolution
		HideSolutionNode = FALSE
	EndGlobalSection
	GlobalSection(ExtensibilityGlobals) = postSolution
		SolutionGuid = {FA8D9160-C518-4E94-99AB-77C2AA869D52}
	EndGlobalSection
EndGlobal
